// !$*UTF8*$!
{
	archiveVersion = 1;
	classes = {
	};
	objectVersion = 55;
	objects = {

/* Begin PBXBuildFile section */
		D742E8A327A199C300C86941 /* NewsStory.swift in Sources */ = {isa = PBXBuildFile; fileRef = D742E8A227A199C300C86941 /* NewsStory.swift */; };
		D742E8A527A53DCD00C86941 /* NewsStoryTableViewCell.swift in Sources */ = {isa = PBXBuildFile; fileRef = D742E8A427A53DCD00C86941 /* NewsStoryTableViewCell.swift */; };
		D78D2728279DD4B00034CA73 /* Extensions.swift in Sources */ = {isa = PBXBuildFile; fileRef = D78D2727279DD4B00034CA73 /* Extensions.swift */; };
		D78D272B279EC8BE0034CA73 /* SnapKit in Frameworks */ = {isa = PBXBuildFile; productRef = D78D272A279EC8BE0034CA73 /* SnapKit */; };
		D78D272D279EC9630034CA73 /* SearchResultTableViewCell.swift in Sources */ = {isa = PBXBuildFile; fileRef = D78D272C279EC9630034CA73 /* SearchResultTableViewCell.swift */; };
		D78D273C27A05B770034CA73 /* SearchResponse.swift in Sources */ = {isa = PBXBuildFile; fileRef = D78D273B27A05B770034CA73 /* SearchResponse.swift */; };
		D78D273E27A062BA0034CA73 /* TitleView.swift in Sources */ = {isa = PBXBuildFile; fileRef = D78D273D27A062BA0034CA73 /* TitleView.swift */; };
		D78D274027A076E60034CA73 /* PanelViewController.swift in Sources */ = {isa = PBXBuildFile; fileRef = D78D273F27A076E50034CA73 /* PanelViewController.swift */; };
		D78D274327A078640034CA73 /* FloatingPanel in Frameworks */ = {isa = PBXBuildFile; productRef = D78D274227A078640034CA73 /* FloatingPanel */; };
		D7BA2A0E27A1888A00B34834 /* NewsHeaderView.swift in Sources */ = {isa = PBXBuildFile; fileRef = D7BA2A0D27A1888A00B34834 /* NewsHeaderView.swift */; };
		D7D991672799C054008DB35F /* AppDelegate.swift in Sources */ = {isa = PBXBuildFile; fileRef = D7D991662799C054008DB35F /* AppDelegate.swift */; };
		D7D991692799C054008DB35F /* SceneDelegate.swift in Sources */ = {isa = PBXBuildFile; fileRef = D7D991682799C054008DB35F /* SceneDelegate.swift */; };
		D7D9916B2799C054008DB35F /* WatchListViewController.swift in Sources */ = {isa = PBXBuildFile; fileRef = D7D9916A2799C054008DB35F /* WatchListViewController.swift */; };
		D7D991702799C057008DB35F /* Assets.xcassets in Resources */ = {isa = PBXBuildFile; fileRef = D7D9916F2799C057008DB35F /* Assets.xcassets */; };
		D7D991732799C057008DB35F /* LaunchScreen.storyboard in Resources */ = {isa = PBXBuildFile; fileRef = D7D991712799C057008DB35F /* LaunchScreen.storyboard */; };
		D7D991802799C193008DB35F /* NewsViewController.swift in Sources */ = {isa = PBXBuildFile; fileRef = D7D9917F2799C193008DB35F /* NewsViewController.swift */; };
		D7D991822799C1A6008DB35F /* SearchResultsViewController.swift in Sources */ = {isa = PBXBuildFile; fileRef = D7D991812799C1A6008DB35F /* SearchResultsViewController.swift */; };
		D7D991842799C1C4008DB35F /* StockDetailsViewController.swift in Sources */ = {isa = PBXBuildFile; fileRef = D7D991832799C1C4008DB35F /* StockDetailsViewController.swift */; };
		D7D991862799C2F5008DB35F /* APICaller.swift in Sources */ = {isa = PBXBuildFile; fileRef = D7D991852799C2F5008DB35F /* APICaller.swift */; };
		D7D991882799C312008DB35F /* PersistenceManager.swift in Sources */ = {isa = PBXBuildFile; fileRef = D7D991872799C312008DB35F /* PersistenceManager.swift */; };
		D7D9918A2799C323008DB35F /* HapticsManager.swift in Sources */ = {isa = PBXBuildFile; fileRef = D7D991892799C323008DB35F /* HapticsManager.swift */; };
/* End PBXBuildFile section */

/* Begin PBXFileReference section */
		D742E8A227A199C300C86941 /* NewsStory.swift */ = {isa = PBXFileReference; lastKnownFileType = sourcecode.swift; path = NewsStory.swift; sourceTree = "<group>"; };
		D742E8A427A53DCD00C86941 /* NewsStoryTableViewCell.swift */ = {isa = PBXFileReference; lastKnownFileType = sourcecode.swift; path = NewsStoryTableViewCell.swift; sourceTree = "<group>"; };
		D78D2727279DD4B00034CA73 /* Extensions.swift */ = {isa = PBXFileReference; lastKnownFileType = sourcecode.swift; path = Extensions.swift; sourceTree = "<group>"; };
		D78D272C279EC9630034CA73 /* SearchResultTableViewCell.swift */ = {isa = PBXFileReference; lastKnownFileType = sourcecode.swift; path = SearchResultTableViewCell.swift; sourceTree = "<group>"; };
		D78D273B27A05B770034CA73 /* SearchResponse.swift */ = {isa = PBXFileReference; lastKnownFileType = sourcecode.swift; path = SearchResponse.swift; sourceTree = "<group>"; };
		D78D273D27A062BA0034CA73 /* TitleView.swift */ = {isa = PBXFileReference; lastKnownFileType = sourcecode.swift; path = TitleView.swift; sourceTree = "<group>"; };
		D78D273F27A076E50034CA73 /* PanelViewController.swift */ = {isa = PBXFileReference; lastKnownFileType = sourcecode.swift; path = PanelViewController.swift; sourceTree = "<group>"; };
		D7BA2A0D27A1888A00B34834 /* NewsHeaderView.swift */ = {isa = PBXFileReference; lastKnownFileType = sourcecode.swift; path = NewsHeaderView.swift; sourceTree = "<group>"; };
		D7D991632799C054008DB35F /* Stockify.app */ = {isa = PBXFileReference; explicitFileType = wrapper.application; includeInIndex = 0; path = Stockify.app; sourceTree = BUILT_PRODUCTS_DIR; };
		D7D991662799C054008DB35F /* AppDelegate.swift */ = {isa = PBXFileReference; lastKnownFileType = sourcecode.swift; path = AppDelegate.swift; sourceTree = "<group>"; };
		D7D991682799C054008DB35F /* SceneDelegate.swift */ = {isa = PBXFileReference; lastKnownFileType = sourcecode.swift; path = SceneDelegate.swift; sourceTree = "<group>"; };
		D7D9916A2799C054008DB35F /* WatchListViewController.swift */ = {isa = PBXFileReference; lastKnownFileType = sourcecode.swift; path = WatchListViewController.swift; sourceTree = "<group>"; };
		D7D9916F2799C057008DB35F /* Assets.xcassets */ = {isa = PBXFileReference; lastKnownFileType = folder.assetcatalog; path = Assets.xcassets; sourceTree = "<group>"; };
		D7D991722799C057008DB35F /* Base */ = {isa = PBXFileReference; lastKnownFileType = file.storyboard; name = Base; path = Base.lproj/LaunchScreen.storyboard; sourceTree = "<group>"; };
		D7D991742799C057008DB35F /* Info.plist */ = {isa = PBXFileReference; lastKnownFileType = text.plist.xml; path = Info.plist; sourceTree = "<group>"; };
		D7D9917F2799C193008DB35F /* NewsViewController.swift */ = {isa = PBXFileReference; lastKnownFileType = sourcecode.swift; path = NewsViewController.swift; sourceTree = "<group>"; };
		D7D991812799C1A6008DB35F /* SearchResultsViewController.swift */ = {isa = PBXFileReference; lastKnownFileType = sourcecode.swift; path = SearchResultsViewController.swift; sourceTree = "<group>"; };
		D7D991832799C1C4008DB35F /* StockDetailsViewController.swift */ = {isa = PBXFileReference; lastKnownFileType = sourcecode.swift; path = StockDetailsViewController.swift; sourceTree = "<group>"; };
		D7D991852799C2F5008DB35F /* APICaller.swift */ = {isa = PBXFileReference; lastKnownFileType = sourcecode.swift; path = APICaller.swift; sourceTree = "<group>"; };
		D7D991872799C312008DB35F /* PersistenceManager.swift */ = {isa = PBXFileReference; lastKnownFileType = sourcecode.swift; path = PersistenceManager.swift; sourceTree = "<group>"; };
		D7D991892799C323008DB35F /* HapticsManager.swift */ = {isa = PBXFileReference; lastKnownFileType = sourcecode.swift; path = HapticsManager.swift; sourceTree = "<group>"; };
/* End PBXFileReference section */

/* Begin PBXFrameworksBuildPhase section */
		D7D991602799C054008DB35F /* Frameworks */ = {
			isa = PBXFrameworksBuildPhase;
			buildActionMask = 2147483647;
			files = (
				D78D272B279EC8BE0034CA73 /* SnapKit in Frameworks */,
				D78D274327A078640034CA73 /* FloatingPanel in Frameworks */,
			);
			runOnlyForDeploymentPostprocessing = 0;
		};
/* End PBXFrameworksBuildPhase section */

/* Begin PBXGroup section */
		D78D2726279DD4970034CA73 /* Extensions  */ = {
			isa = PBXGroup;
			children = (
				D78D2727279DD4B00034CA73 /* Extensions.swift */,
			);
			path = "Extensions ";
			sourceTree = "<group>";
		};
		D7D9915A2799C054008DB35F = {
			isa = PBXGroup;
			children = (
				D7D991652799C054008DB35F /* Stockify */,
				D7D991642799C054008DB35F /* Products */,
			);
			sourceTree = "<group>";
		};
		D7D991642799C054008DB35F /* Products */ = {
			isa = PBXGroup;
			children = (
				D7D991632799C054008DB35F /* Stockify.app */,
			);
			name = Products;
			sourceTree = "<group>";
		};
		D7D991652799C054008DB35F /* Stockify */ = {
			isa = PBXGroup;
			children = (
				D7D9917A2799C084008DB35F /* Models */,
				D7D9917D2799C0A7008DB35F /* Managers */,
				D7D9917C2799C095008DB35F /* Controllers */,
				D7D9917B2799C08F008DB35F /* Views */,
				D7D9917E2799C0B6008DB35F /* Other */,
				D7D991742799C057008DB35F /* Info.plist */,
			);
			path = Stockify;
			sourceTree = "<group>";
		};
		D7D9917A2799C084008DB35F /* Models */ = {
			isa = PBXGroup;
			children = (
				D78D273B27A05B770034CA73 /* SearchResponse.swift */,
				D742E8A227A199C300C86941 /* NewsStory.swift */,
			);
			path = Models;
			sourceTree = "<group>";
		};
		D7D9917B2799C08F008DB35F /* Views */ = {
			isa = PBXGroup;
			children = (
				D7D991712799C057008DB35F /* LaunchScreen.storyboard */,
				D78D272C279EC9630034CA73 /* SearchResultTableViewCell.swift */,
				D78D273D27A062BA0034CA73 /* TitleView.swift */,
				D7BA2A0D27A1888A00B34834 /* NewsHeaderView.swift */,
				D742E8A427A53DCD00C86941 /* NewsStoryTableViewCell.swift */,
			);
			path = Views;
			sourceTree = "<group>";
		};
		D7D9917C2799C095008DB35F /* Controllers */ = {
			isa = PBXGroup;
			children = (
				D7D9916A2799C054008DB35F /* WatchListViewController.swift */,
				D7D9917F2799C193008DB35F /* NewsViewController.swift */,
				D7D991812799C1A6008DB35F /* SearchResultsViewController.swift */,
				D7D991832799C1C4008DB35F /* StockDetailsViewController.swift */,
				D78D273F27A076E50034CA73 /* PanelViewController.swift */,
			);
			path = Controllers;
			sourceTree = "<group>";
		};
		D7D9917D2799C0A7008DB35F /* Managers */ = {
			isa = PBXGroup;
			children = (
				D7D991852799C2F5008DB35F /* APICaller.swift */,
				D7D991872799C312008DB35F /* PersistenceManager.swift */,
				D7D991892799C323008DB35F /* HapticsManager.swift */,
			);
			path = Managers;
			sourceTree = "<group>";
		};
		D7D9917E2799C0B6008DB35F /* Other */ = {
			isa = PBXGroup;
			children = (
				D78D2726279DD4970034CA73 /* Extensions  */,
				D7D991662799C054008DB35F /* AppDelegate.swift */,
				D7D991682799C054008DB35F /* SceneDelegate.swift */,
				D7D9916F2799C057008DB35F /* Assets.xcassets */,
			);
			path = Other;
			sourceTree = "<group>";
		};
/* End PBXGroup section */

/* Begin PBXNativeTarget section */
		D7D991622799C054008DB35F /* Stockify */ = {
			isa = PBXNativeTarget;
			buildConfigurationList = D7D991772799C057008DB35F /* Build configuration list for PBXNativeTarget "Stockify" */;
			buildPhases = (
				D7D9915F2799C054008DB35F /* Sources */,
				D7D991602799C054008DB35F /* Frameworks */,
				D7D991612799C054008DB35F /* Resources */,
			);
			buildRules = (
			);
			dependencies = (
			);
			name = Stockify;
			packageProductDependencies = (
				D78D272A279EC8BE0034CA73 /* SnapKit */,
				D78D274227A078640034CA73 /* FloatingPanel */,
			);
			productName = Stockify;
			productReference = D7D991632799C054008DB35F /* Stockify.app */;
			productType = "com.apple.product-type.application";
		};
/* End PBXNativeTarget section */

/* Begin PBXProject section */
		D7D9915B2799C054008DB35F /* Project object */ = {
			isa = PBXProject;
			attributes = {
				BuildIndependentTargetsInParallel = 1;
				LastSwiftUpdateCheck = 1320;
				LastUpgradeCheck = 1320;
				TargetAttributes = {
					D7D991622799C054008DB35F = {
						CreatedOnToolsVersion = 13.2;
					};
				};
			};
			buildConfigurationList = D7D9915E2799C054008DB35F /* Build configuration list for PBXProject "Stockify" */;
			compatibilityVersion = "Xcode 13.0";
			developmentRegion = en;
			hasScannedForEncodings = 0;
			knownRegions = (
				en,
				Base,
			);
			mainGroup = D7D9915A2799C054008DB35F;
			packageReferences = (
				D78D2729279EC8BE0034CA73 /* XCRemoteSwiftPackageReference "SnapKit" */,
				D78D274127A078640034CA73 /* XCRemoteSwiftPackageReference "FloatingPanel" */,
			);
			productRefGroup = D7D991642799C054008DB35F /* Products */;
			projectDirPath = "";
			projectRoot = "";
			targets = (
				D7D991622799C054008DB35F /* Stockify */,
			);
		};
/* End PBXProject section */

/* Begin PBXResourcesBuildPhase section */
		D7D991612799C054008DB35F /* Resources */ = {
			isa = PBXResourcesBuildPhase;
			buildActionMask = 2147483647;
			files = (
				D7D991732799C057008DB35F /* LaunchScreen.storyboard in Resources */,
				D7D991702799C057008DB35F /* Assets.xcassets in Resources */,
			);
			runOnlyForDeploymentPostprocessing = 0;
		};
/* End PBXResourcesBuildPhase section */

/* Begin PBXSourcesBuildPhase section */
		D7D9915F2799C054008DB35F /* Sources */ = {
			isa = PBXSourcesBuildPhase;
			buildActionMask = 2147483647;
			files = (
				D7D9918A2799C323008DB35F /* HapticsManager.swift in Sources */,
				D78D272D279EC9630034CA73 /* SearchResultTableViewCell.swift in Sources */,
				D7D991842799C1C4008DB35F /* StockDetailsViewController.swift in Sources */,
				D7D9916B2799C054008DB35F /* WatchListViewController.swift in Sources */,
				D7D991802799C193008DB35F /* NewsViewController.swift in Sources */,
				D7D991882799C312008DB35F /* PersistenceManager.swift in Sources */,
				D78D2728279DD4B00034CA73 /* Extensions.swift in Sources */,
				D78D274027A076E60034CA73 /* PanelViewController.swift in Sources */,
				D742E8A327A199C300C86941 /* NewsStory.swift in Sources */,
				D7D991862799C2F5008DB35F /* APICaller.swift in Sources */,
				D78D273C27A05B770034CA73 /* SearchResponse.swift in Sources */,
				D7BA2A0E27A1888A00B34834 /* NewsHeaderView.swift in Sources */,
				D7D991672799C054008DB35F /* AppDelegate.swift in Sources */,
				D742E8A527A53DCD00C86941 /* NewsStoryTableViewCell.swift in Sources */,
				D7D991692799C054008DB35F /* SceneDelegate.swift in Sources */,
				D78D273E27A062BA0034CA73 /* TitleView.swift in Sources */,
				D7D991822799C1A6008DB35F /* SearchResultsViewController.swift in Sources */,
			);
			runOnlyForDeploymentPostprocessing = 0;
		};
/* End PBXSourcesBuildPhase section */

/* Begin PBXVariantGroup section */
		D7D991712799C057008DB35F /* LaunchScreen.storyboard */ = {
			isa = PBXVariantGroup;
			children = (
				D7D991722799C057008DB35F /* Base */,
			);
			name = LaunchScreen.storyboard;
			sourceTree = "<group>";
		};
/* End PBXVariantGroup section */

/* Begin XCBuildConfiguration section */
		D7D991752799C057008DB35F /* Debug */ = {
			isa = XCBuildConfiguration;
			buildSettings = {
				ALWAYS_SEARCH_USER_PATHS = NO;
				CLANG_ANALYZER_NONNULL = YES;
				CLANG_ANALYZER_NUMBER_OBJECT_CONVERSION = YES_AGGRESSIVE;
				CLANG_CXX_LANGUAGE_STANDARD = "gnu++17";
				CLANG_CXX_LIBRARY = "libc++";
				CLANG_ENABLE_MODULES = YES;
				CLANG_ENABLE_OBJC_ARC = YES;
				CLANG_ENABLE_OBJC_WEAK = YES;
				CLANG_WARN_BLOCK_CAPTURE_AUTORELEASING = YES;
				CLANG_WARN_BOOL_CONVERSION = YES;
				CLANG_WARN_COMMA = YES;
				CLANG_WARN_CONSTANT_CONVERSION = YES;
				CLANG_WARN_DEPRECATED_OBJC_IMPLEMENTATIONS = YES;
				CLANG_WARN_DIRECT_OBJC_ISA_USAGE = YES_ERROR;
				CLANG_WARN_DOCUMENTATION_COMMENTS = YES;
				CLANG_WARN_EMPTY_BODY = YES;
				CLANG_WARN_ENUM_CONVERSION = YES;
				CLANG_WARN_INFINITE_RECURSION = YES;
				CLANG_WARN_INT_CONVERSION = YES;
				CLANG_WARN_NON_LITERAL_NULL_CONVERSION = YES;
				CLANG_WARN_OBJC_IMPLICIT_RETAIN_SELF = YES;
				CLANG_WARN_OBJC_LITERAL_CONVERSION = YES;
				CLANG_WARN_OBJC_ROOT_CLASS = YES_ERROR;
				CLANG_WARN_QUOTED_INCLUDE_IN_FRAMEWORK_HEADER = YES;
				CLANG_WARN_RANGE_LOOP_ANALYSIS = YES;
				CLANG_WARN_STRICT_PROTOTYPES = YES;
				CLANG_WARN_SUSPICIOUS_MOVE = YES;
				CLANG_WARN_UNGUARDED_AVAILABILITY = YES_AGGRESSIVE;
				CLANG_WARN_UNREACHABLE_CODE = YES;
				CLANG_WARN__DUPLICATE_METHOD_MATCH = YES;
				COPY_PHASE_STRIP = NO;
				DEBUG_INFORMATION_FORMAT = dwarf;
				ENABLE_STRICT_OBJC_MSGSEND = YES;
				ENABLE_TESTABILITY = YES;
				GCC_C_LANGUAGE_STANDARD = gnu11;
				GCC_DYNAMIC_NO_PIC = NO;
				GCC_NO_COMMON_BLOCKS = YES;
				GCC_OPTIMIZATION_LEVEL = 0;
				GCC_PREPROCESSOR_DEFINITIONS = (
					"DEBUG=1",
					"$(inherited)",
				);
				GCC_WARN_64_TO_32_BIT_CONVERSION = YES;
				GCC_WARN_ABOUT_RETURN_TYPE = YES_ERROR;
				GCC_WARN_UNDECLARED_SELECTOR = YES;
				GCC_WARN_UNINITIALIZED_AUTOS = YES_AGGRESSIVE;
				GCC_WARN_UNUSED_FUNCTION = YES;
				GCC_WARN_UNUSED_VARIABLE = YES;
				IPHONEOS_DEPLOYMENT_TARGET = 15.2;
				MTL_ENABLE_DEBUG_INFO = INCLUDE_SOURCE;
				MTL_FAST_MATH = YES;
				ONLY_ACTIVE_ARCH = YES;
				SDKROOT = iphoneos;
				SWIFT_ACTIVE_COMPILATION_CONDITIONS = DEBUG;
				SWIFT_OPTIMIZATION_LEVEL = "-Onone";
			};
			name = Debug;
		};
		D7D991762799C057008DB35F /* Release */ = {
			isa = XCBuildConfiguration;
			buildSettings = {
				ALWAYS_SEARCH_USER_PATHS = NO;
				CLANG_ANALYZER_NONNULL = YES;
				CLANG_ANALYZER_NUMBER_OBJECT_CONVERSION = YES_AGGRESSIVE;
				CLANG_CXX_LANGUAGE_STANDARD = "gnu++17";
				CLANG_CXX_LIBRARY = "libc++";
				CLANG_ENABLE_MODULES = YES;
				CLANG_ENABLE_OBJC_ARC = YES;
				CLANG_ENABLE_OBJC_WEAK = YES;
				CLANG_WARN_BLOCK_CAPTURE_AUTORELEASING = YES;
				CLANG_WARN_BOOL_CONVERSION = YES;
				CLANG_WARN_COMMA = YES;
				CLANG_WARN_CONSTANT_CONVERSION = YES;
				CLANG_WARN_DEPRECATED_OBJC_IMPLEMENTATIONS = YES;
				CLANG_WARN_DIRECT_OBJC_ISA_USAGE = YES_ERROR;
				CLANG_WARN_DOCUMENTATION_COMMENTS = YES;
				CLANG_WARN_EMPTY_BODY = YES;
				CLANG_WARN_ENUM_CONVERSION = YES;
				CLANG_WARN_INFINITE_RECURSION = YES;
				CLANG_WARN_INT_CONVERSION = YES;
				CLANG_WARN_NON_LITERAL_NULL_CONVERSION = YES;
				CLANG_WARN_OBJC_IMPLICIT_RETAIN_SELF = YES;
				CLANG_WARN_OBJC_LITERAL_CONVERSION = YES;
				CLANG_WARN_OBJC_ROOT_CLASS = YES_ERROR;
				CLANG_WARN_QUOTED_INCLUDE_IN_FRAMEWORK_HEADER = YES;
				CLANG_WARN_RANGE_LOOP_ANALYSIS = YES;
				CLANG_WARN_STRICT_PROTOTYPES = YES;
				CLANG_WARN_SUSPICIOUS_MOVE = YES;
				CLANG_WARN_UNGUARDED_AVAILABILITY = YES_AGGRESSIVE;
				CLANG_WARN_UNREACHABLE_CODE = YES;
				CLANG_WARN__DUPLICATE_METHOD_MATCH = YES;
				COPY_PHASE_STRIP = NO;
				DEBUG_INFORMATION_FORMAT = "dwarf-with-dsym";
				ENABLE_NS_ASSERTIONS = NO;
				ENABLE_STRICT_OBJC_MSGSEND = YES;
				GCC_C_LANGUAGE_STANDARD = gnu11;
				GCC_NO_COMMON_BLOCKS = YES;
				GCC_WARN_64_TO_32_BIT_CONVERSION = YES;
				GCC_WARN_ABOUT_RETURN_TYPE = YES_ERROR;
				GCC_WARN_UNDECLARED_SELECTOR = YES;
				GCC_WARN_UNINITIALIZED_AUTOS = YES_AGGRESSIVE;
				GCC_WARN_UNUSED_FUNCTION = YES;
				GCC_WARN_UNUSED_VARIABLE = YES;
				IPHONEOS_DEPLOYMENT_TARGET = 15.2;
				MTL_ENABLE_DEBUG_INFO = NO;
				MTL_FAST_MATH = YES;
				SDKROOT = iphoneos;
				SWIFT_COMPILATION_MODE = wholemodule;
				SWIFT_OPTIMIZATION_LEVEL = "-O";
				VALIDATE_PRODUCT = YES;
			};
			name = Release;
		};
		D7D991782799C057008DB35F /* Debug */ = {
			isa = XCBuildConfiguration;
			buildSettings = {
				ASSETCATALOG_COMPILER_APPICON_NAME = AppIcon;
				ASSETCATALOG_COMPILER_GLOBAL_ACCENT_COLOR_NAME = AccentColor;
				CODE_SIGN_STYLE = Automatic;
				CURRENT_PROJECT_VERSION = 1;
				DEVELOPMENT_TEAM = C5N8H89WX7;
				GENERATE_INFOPLIST_FILE = YES;
				INFOPLIST_FILE = Stockify/Info.plist;
				INFOPLIST_KEY_UIApplicationSupportsIndirectInputEvents = YES;
				INFOPLIST_KEY_UILaunchStoryboardName = LaunchScreen;
				INFOPLIST_KEY_UISupportedInterfaceOrientations = UIInterfaceOrientationPortrait;
				INFOPLIST_KEY_UISupportedInterfaceOrientations_iPad = "UIInterfaceOrientationPortrait UIInterfaceOrientationPortraitUpsideDown UIInterfaceOrientationLandscapeLeft UIInterfaceOrientationLandscapeRight";
				INFOPLIST_KEY_UISupportedInterfaceOrientations_iPhone = "UIInterfaceOrientationPortrait UIInterfaceOrientationLandscapeLeft UIInterfaceOrientationLandscapeRight";
				IPHONEOS_DEPLOYMENT_TARGET = 13.6;
				LD_RUNPATH_SEARCH_PATHS = (
					"$(inherited)",
					"@executable_path/Frameworks",
				);
				MARKETING_VERSION = 1.0;
				PRODUCT_BUNDLE_IDENTIFIER = "com.redwing-studio.www.Stockify";
				PRODUCT_NAME = "$(TARGET_NAME)";
				SWIFT_EMIT_LOC_STRINGS = YES;
				SWIFT_VERSION = 5.0;
				TARGETED_DEVICE_FAMILY = 1;
			};
			name = Debug;
		};
		D7D991792799C057008DB35F /* Release */ = {
			isa = XCBuildConfiguration;
			buildSettings = {
				ASSETCATALOG_COMPILER_APPICON_NAME = AppIcon;
				ASSETCATALOG_COMPILER_GLOBAL_ACCENT_COLOR_NAME = AccentColor;
				CODE_SIGN_STYLE = Automatic;
				CURRENT_PROJECT_VERSION = 1;
				DEVELOPMENT_TEAM = C5N8H89WX7;
				GENERATE_INFOPLIST_FILE = YES;
				INFOPLIST_FILE = Stockify/Info.plist;
				INFOPLIST_KEY_UIApplicationSupportsIndirectInputEvents = YES;
				INFOPLIST_KEY_UILaunchStoryboardName = LaunchScreen;
				INFOPLIST_KEY_UISupportedInterfaceOrientations = UIInterfaceOrientationPortrait;
				INFOPLIST_KEY_UISupportedInterfaceOrientations_iPad = "UIInterfaceOrientationPortrait UIInterfaceOrientationPortraitUpsideDown UIInterfaceOrientationLandscapeLeft UIInterfaceOrientationLandscapeRight";
				INFOPLIST_KEY_UISupportedInterfaceOrientations_iPhone = "UIInterfaceOrientationPortrait UIInterfaceOrientationLandscapeLeft UIInterfaceOrientationLandscapeRight";
				IPHONEOS_DEPLOYMENT_TARGET = 13.6;
				LD_RUNPATH_SEARCH_PATHS = (
					"$(inherited)",
					"@executable_path/Frameworks",
				);
				MARKETING_VERSION = 1.0;
				PRODUCT_BUNDLE_IDENTIFIER = "com.redwing-studio.www.Stockify";
				PRODUCT_NAME = "$(TARGET_NAME)";
				SWIFT_EMIT_LOC_STRINGS = YES;
				SWIFT_VERSION = 5.0;
				TARGETED_DEVICE_FAMILY = 1;
			};
			name = Release;
		};
/* End XCBuildConfiguration section */

/* Begin XCConfigurationList section */
		D7D9915E2799C054008DB35F /* Build configuration list for PBXProject "Stockify" */ = {
			isa = XCConfigurationList;
			buildConfigurations = (
				D7D991752799C057008DB35F /* Debug */,
				D7D991762799C057008DB35F /* Release */,
			);
			defaultConfigurationIsVisible = 0;
			defaultConfigurationName = Release;
		};
		D7D991772799C057008DB35F /* Build configuration list for PBXNativeTarget "Stockify" */ = {
			isa = XCConfigurationList;
			buildConfigurations = (
				D7D991782799C057008DB35F /* Debug */,
				D7D991792799C057008DB35F /* Release */,
			);
			defaultConfigurationIsVisible = 0;
			defaultConfigurationName = Release;
		};
/* End XCConfigurationList section */

/* Begin XCRemoteSwiftPackageReference section */
		D78D2729279EC8BE0034CA73 /* XCRemoteSwiftPackageReference "SnapKit" */ = {
			isa = XCRemoteSwiftPackageReference;
			repositoryURL = "https://github.com/SnapKit/SnapKit";
			requirement = {
				kind = exactVersion;
				version = 5.0.1;
			};
		};
		D78D274127A078640034CA73 /* XCRemoteSwiftPackageReference "FloatingPanel" */ = {
			isa = XCRemoteSwiftPackageReference;
			repositoryURL = "https://github.com/scenee/FloatingPanel.git";
			requirement = {
				kind = upToNextMinorVersion;
				minimumVersion = 2.5.0;
			};
		};
/* End XCRemoteSwiftPackageReference section */

/* Begin XCSwiftPackageProductDependency section */
		D78D272A279EC8BE0034CA73 /* SnapKit */ = {
			isa = XCSwiftPackageProductDependency;
			package = D78D2729279EC8BE0034CA73 /* XCRemoteSwiftPackageReference "SnapKit" */;
			productName = SnapKit;
		};
		D78D274227A078640034CA73 /* FloatingPanel */ = {
			isa = XCSwiftPackageProductDependency;
			package = D78D274127A078640034CA73 /* XCRemoteSwiftPackageReference "FloatingPanel" */;
			productName = FloatingPanel;
		};
/* End XCSwiftPackageProductDependency section */
	};
	rootObject = D7D9915B2799C054008DB35F /* Project object */;
}
